// !$*UTF8*$!
{
	archiveVersion = 1;
	classes = {
	};
	objectVersion = 55;
	objects = {

/* Begin PBXBuildFile section */
		413CA70727B0DA1C00461FE3 /* AppDelegate.swift in Sources */ = {isa = PBXBuildFile; fileRef = 413CA70627B0DA1C00461FE3 /* AppDelegate.swift */; };
		413CA70927B0DA1C00461FE3 /* SceneDelegate.swift in Sources */ = {isa = PBXBuildFile; fileRef = 413CA70827B0DA1C00461FE3 /* SceneDelegate.swift */; };
		413CA70E27B0DA1C00461FE3 /* Main.storyboard in Resources */ = {isa = PBXBuildFile; fileRef = 413CA70C27B0DA1C00461FE3 /* Main.storyboard */; };
		413CA71027B0DA1F00461FE3 /* Assets.xcassets in Resources */ = {isa = PBXBuildFile; fileRef = 413CA70F27B0DA1F00461FE3 /* Assets.xcassets */; };
		413CA71327B0DA1F00461FE3 /* LaunchScreen.storyboard in Resources */ = {isa = PBXBuildFile; fileRef = 413CA71127B0DA1F00461FE3 /* LaunchScreen.storyboard */; };
		413CA72327B0DC4300461FE3 /* DayDetailsViewController.swift in Sources */ = {isa = PBXBuildFile; fileRef = 413CA72227B0DC4300461FE3 /* DayDetailsViewController.swift */; };
		413CA72527B0DC7E00461FE3 /* DayForcastTableViewCell.swift in Sources */ = {isa = PBXBuildFile; fileRef = 413CA72427B0DC7E00461FE3 /* DayForcastTableViewCell.swift */; };
/* End PBXBuildFile section */

/* Begin PBXFileReference section */
		413CA70327B0DA1C00461FE3 /* Forecast_Codable.app */ = {isa = PBXFileReference; explicitFileType = wrapper.application; includeInIndex = 0; path = Forecast_Codable.app; sourceTree = BUILT_PRODUCTS_DIR; };
		413CA70627B0DA1C00461FE3 /* AppDelegate.swift */ = {isa = PBXFileReference; lastKnownFileType = sourcecode.swift; path = AppDelegate.swift; sourceTree = "<group>"; };
		413CA70827B0DA1C00461FE3 /* SceneDelegate.swift */ = {isa = PBXFileReference; lastKnownFileType = sourcecode.swift; path = SceneDelegate.swift; sourceTree = "<group>"; };
		413CA70D27B0DA1C00461FE3 /* Base */ = {isa = PBXFileReference; lastKnownFileType = file.storyboard; name = Base; path = Base.lproj/Main.storyboard; sourceTree = "<group>"; };
		413CA70F27B0DA1F00461FE3 /* Assets.xcassets */ = {isa = PBXFileReference; lastKnownFileType = folder.assetcatalog; path = Assets.xcassets; sourceTree = "<group>"; };
		413CA71227B0DA1F00461FE3 /* Base */ = {isa = PBXFileReference; lastKnownFileType = file.storyboard; name = Base; path = Base.lproj/LaunchScreen.storyboard; sourceTree = "<group>"; };
		413CA71427B0DA1F00461FE3 /* Info.plist */ = {isa = PBXFileReference; lastKnownFileType = text.plist.xml; path = Info.plist; sourceTree = "<group>"; };
		413CA72227B0DC4300461FE3 /* DayDetailsViewController.swift */ = {isa = PBXFileReference; lastKnownFileType = sourcecode.swift; path = DayDetailsViewController.swift; sourceTree = "<group>"; };
		413CA72427B0DC7E00461FE3 /* DayForcastTableViewCell.swift */ = {isa = PBXFileReference; lastKnownFileType = sourcecode.swift; path = DayForcastTableViewCell.swift; sourceTree = "<group>"; };
/* End PBXFileReference section */

/* Begin PBXFrameworksBuildPhase section */
		413CA70027B0DA1C00461FE3 /* Frameworks */ = {
			isa = PBXFrameworksBuildPhase;
			buildActionMask = 2147483647;
			files = (
			);
			runOnlyForDeploymentPostprocessing = 0;
		};
/* End PBXFrameworksBuildPhase section */

/* Begin PBXGroup section */
		413CA6FA27B0DA1C00461FE3 = {
			isa = PBXGroup;
			children = (
				413CA70527B0DA1C00461FE3 /* Forecast_Codable */,
				413CA70427B0DA1C00461FE3 /* Products */,
			);
			sourceTree = "<group>";
		};
		413CA70427B0DA1C00461FE3 /* Products */ = {
			isa = PBXGroup;
			children = (
				413CA70327B0DA1C00461FE3 /* Forecast_Codable.app */,
			);
			name = Products;
			sourceTree = "<group>";
		};
		413CA70527B0DA1C00461FE3 /* Forecast_Codable */ = {
			isa = PBXGroup;
			children = (
				413CA71D27B0DBCF00461FE3 /* Model */,
				413CA71F27B0DBE100461FE3 /* Controller */,
				413CA71E27B0DBDB00461FE3 /* View */,
				413CA71A27B0DA5600461FE3 /* Supporting Files */,
				413CA70C27B0DA1C00461FE3 /* Main.storyboard */,
				413CA71127B0DA1F00461FE3 /* LaunchScreen.storyboard */,
			);
			path = Forecast_Codable;
			sourceTree = "<group>";
		};
		413CA71A27B0DA5600461FE3 /* Supporting Files */ = {
			isa = PBXGroup;
			children = (
				413CA70627B0DA1C00461FE3 /* AppDelegate.swift */,
				413CA70827B0DA1C00461FE3 /* SceneDelegate.swift */,
				413CA70F27B0DA1F00461FE3 /* Assets.xcassets */,
				413CA71427B0DA1F00461FE3 /* Info.plist */,
			);
			path = "Supporting Files";
			sourceTree = "<group>";
		};
		413CA71D27B0DBCF00461FE3 /* Model */ = {
			isa = PBXGroup;
			children = (
			);
			path = Model;
			sourceTree = "<group>";
		};
		413CA71E27B0DBDB00461FE3 /* View */ = {
			isa = PBXGroup;
			children = (
				413CA72227B0DC4300461FE3 /* DayDetailsViewController.swift */,
				413CA72427B0DC7E00461FE3 /* DayForcastTableViewCell.swift */,
			);
			path = View;
			sourceTree = "<group>";
		};
		413CA71F27B0DBE100461FE3 /* Controller */ = {
			isa = PBXGroup;
			children = (
			);
			path = Controller;
			sourceTree = "<group>";
		};
/* End PBXGroup section */

/* Begin PBXNativeTarget section */
		413CA70227B0DA1C00461FE3 /* Forecast_Codable */ = {
			isa = PBXNativeTarget;
			buildConfigurationList = 413CA71727B0DA1F00461FE3 /* Build configuration list for PBXNativeTarget "Forecast_Codable" */;
			buildPhases = (
				413CA6FF27B0DA1C00461FE3 /* Sources */,
				413CA70027B0DA1C00461FE3 /* Frameworks */,
				413CA70127B0DA1C00461FE3 /* Resources */,
			);
			buildRules = (
			);
			dependencies = (
			);
			name = Forecast_Codable;
			productName = Forecast_Codable;
			productReference = 413CA70327B0DA1C00461FE3 /* Forecast_Codable.app */;
			productType = "com.apple.product-type.application";
		};
/* End PBXNativeTarget section */

/* Begin PBXProject section */
		413CA6FB27B0DA1C00461FE3 /* Project object */ = {
			isa = PBXProject;
			attributes = {
				BuildIndependentTargetsInParallel = 1;
				LastSwiftUpdateCheck = 1320;
				LastUpgradeCheck = 1320;
				TargetAttributes = {
					413CA70227B0DA1C00461FE3 = {
						CreatedOnToolsVersion = 13.2.1;
					};
				};
			};
			buildConfigurationList = 413CA6FE27B0DA1C00461FE3 /* Build configuration list for PBXProject "Forecast_Codable" */;
			compatibilityVersion = "Xcode 13.0";
			developmentRegion = en;
			hasScannedForEncodings = 0;
			knownRegions = (
				en,
				Base,
			);
			mainGroup = 413CA6FA27B0DA1C00461FE3;
			productRefGroup = 413CA70427B0DA1C00461FE3 /* Products */;
			projectDirPath = "";
			projectRoot = "";
			targets = (
				413CA70227B0DA1C00461FE3 /* Forecast_Codable */,
			);
		};
/* End PBXProject section */

/* Begin PBXResourcesBuildPhase section */
		413CA70127B0DA1C00461FE3 /* Resources */ = {
			isa = PBXResourcesBuildPhase;
			buildActionMask = 2147483647;
			files = (
				413CA71327B0DA1F00461FE3 /* LaunchScreen.storyboard in Resources */,
				413CA71027B0DA1F00461FE3 /* Assets.xcassets in Resources */,
				413CA70E27B0DA1C00461FE3 /* Main.storyboard in Resources */,
			);
			runOnlyForDeploymentPostprocessing = 0;
		};
/* End PBXResourcesBuildPhase section */

/* Begin PBXSourcesBuildPhase section */
		413CA6FF27B0DA1C00461FE3 /* Sources */ = {
			isa = PBXSourcesBuildPhase;
			buildActionMask = 2147483647;
			files = (
				413CA70727B0DA1C00461FE3 /* AppDelegate.swift in Sources */,
				413CA72327B0DC4300461FE3 /* DayDetailsViewController.swift in Sources */,
				413CA70927B0DA1C00461FE3 /* SceneDelegate.swift in Sources */,
				413CA72527B0DC7E00461FE3 /* DayForcastTableViewCell.swift in Sources */,
			);
			runOnlyForDeploymentPostprocessing = 0;
		};
/* End PBXSourcesBuildPhase section */

/* Begin PBXVariantGroup section */
		413CA70C27B0DA1C00461FE3 /* Main.storyboard */ = {
			isa = PBXVariantGroup;
			children = (
				413CA70D27B0DA1C00461FE3 /* Base */,
			);
			name = Main.storyboard;
			sourceTree = "<group>";
		};
		413CA71127B0DA1F00461FE3 /* LaunchScreen.storyboard */ = {
			isa = PBXVariantGroup;
			children = (
				413CA71227B0DA1F00461FE3 /* Base */,
			);
			name = LaunchScreen.storyboard;
			sourceTree = "<group>";
		};
/* End PBXVariantGroup section */

/* Begin XCBuildConfiguration section */
		413CA71527B0DA1F00461FE3 /* Debug */ = {
			isa = XCBuildConfiguration;
			buildSettings = {
				ALWAYS_SEARCH_USER_PATHS = NO;
				CLANG_ANALYZER_NONNULL = YES;
				CLANG_ANALYZER_NUMBER_OBJECT_CONVERSION = YES_AGGRESSIVE;
				CLANG_CXX_LANGUAGE_STANDARD = "gnu++17";
				CLANG_CXX_LIBRARY = "libc++";
				CLANG_ENABLE_MODULES = YES;
				CLANG_ENABLE_OBJC_ARC = YES;
				CLANG_ENABLE_OBJC_WEAK = YES;
				CLANG_WARN_BLOCK_CAPTURE_AUTORELEASING = YES;
				CLANG_WARN_BOOL_CONVERSION = YES;
				CLANG_WARN_COMMA = YES;
				CLANG_WARN_CONSTANT_CONVERSION = YES;
				CLANG_WARN_DEPRECATED_OBJC_IMPLEMENTATIONS = YES;
				CLANG_WARN_DIRECT_OBJC_ISA_USAGE = YES_ERROR;
				CLANG_WARN_DOCUMENTATION_COMMENTS = YES;
				CLANG_WARN_EMPTY_BODY = YES;
				CLANG_WARN_ENUM_CONVERSION = YES;
				CLANG_WARN_INFINITE_RECURSION = YES;
				CLANG_WARN_INT_CONVERSION = YES;
				CLANG_WARN_NON_LITERAL_NULL_CONVERSION = YES;
				CLANG_WARN_OBJC_IMPLICIT_RETAIN_SELF = YES;
				CLANG_WARN_OBJC_LITERAL_CONVERSION = YES;
				CLANG_WARN_OBJC_ROOT_CLASS = YES_ERROR;
				CLANG_WARN_QUOTED_INCLUDE_IN_FRAMEWORK_HEADER = YES;
				CLANG_WARN_RANGE_LOOP_ANALYSIS = YES;
				CLANG_WARN_STRICT_PROTOTYPES = YES;
				CLANG_WARN_SUSPICIOUS_MOVE = YES;
				CLANG_WARN_UNGUARDED_AVAILABILITY = YES_AGGRESSIVE;
				CLANG_WARN_UNREACHABLE_CODE = YES;
				CLANG_WARN__DUPLICATE_METHOD_MATCH = YES;
				COPY_PHASE_STRIP = NO;
				DEBUG_INFORMATION_FORMAT = dwarf;
				ENABLE_STRICT_OBJC_MSGSEND = YES;
				ENABLE_TESTABILITY = YES;
				GCC_C_LANGUAGE_STANDARD = gnu11;
				GCC_DYNAMIC_NO_PIC = NO;
				GCC_NO_COMMON_BLOCKS = YES;
				GCC_OPTIMIZATION_LEVEL = 0;
				GCC_PREPROCESSOR_DEFINITIONS = (
					"DEBUG=1",
					"$(inherited)",
				);
				GCC_WARN_64_TO_32_BIT_CONVERSION = YES;
				GCC_WARN_ABOUT_RETURN_TYPE = YES_ERROR;
				GCC_WARN_UNDECLARED_SELECTOR = YES;
				GCC_WARN_UNINITIALIZED_AUTOS = YES_AGGRESSIVE;
				GCC_WARN_UNUSED_FUNCTION = YES;
				GCC_WARN_UNUSED_VARIABLE = YES;
				IPHONEOS_DEPLOYMENT_TARGET = 15.2;
				MTL_ENABLE_DEBUG_INFO = INCLUDE_SOURCE;
				MTL_FAST_MATH = YES;
				ONLY_ACTIVE_ARCH = YES;
				SDKROOT = iphoneos;
				SWIFT_ACTIVE_COMPILATION_CONDITIONS = DEBUG;
				SWIFT_OPTIMIZATION_LEVEL = "-Onone";
			};
			name = Debug;
		};
		413CA71627B0DA1F00461FE3 /* Release */ = {
			isa = XCBuildConfiguration;
			buildSettings = {
				ALWAYS_SEARCH_USER_PATHS = NO;
				CLANG_ANALYZER_NONNULL = YES;
				CLANG_ANALYZER_NUMBER_OBJECT_CONVERSION = YES_AGGRESSIVE;
				CLANG_CXX_LANGUAGE_STANDARD = "gnu++17";
				CLANG_CXX_LIBRARY = "libc++";
				CLANG_ENABLE_MODULES = YES;
				CLANG_ENABLE_OBJC_ARC = YES;
				CLANG_ENABLE_OBJC_WEAK = YES;
				CLANG_WARN_BLOCK_CAPTURE_AUTORELEASING = YES;
				CLANG_WARN_BOOL_CONVERSION = YES;
				CLANG_WARN_COMMA = YES;
				CLANG_WARN_CONSTANT_CONVERSION = YES;
				CLANG_WARN_DEPRECATED_OBJC_IMPLEMENTATIONS = YES;
				CLANG_WARN_DIRECT_OBJC_ISA_USAGE = YES_ERROR;
				CLANG_WARN_DOCUMENTATION_COMMENTS = YES;
				CLANG_WARN_EMPTY_BODY = YES;
				CLANG_WARN_ENUM_CONVERSION = YES;
				CLANG_WARN_INFINITE_RECURSION = YES;
				CLANG_WARN_INT_CONVERSION = YES;
				CLANG_WARN_NON_LITERAL_NULL_CONVERSION = YES;
				CLANG_WARN_OBJC_IMPLICIT_RETAIN_SELF = YES;
				CLANG_WARN_OBJC_LITERAL_CONVERSION = YES;
				CLANG_WARN_OBJC_ROOT_CLASS = YES_ERROR;
				CLANG_WARN_QUOTED_INCLUDE_IN_FRAMEWORK_HEADER = YES;
				CLANG_WARN_RANGE_LOOP_ANALYSIS = YES;
				CLANG_WARN_STRICT_PROTOTYPES = YES;
				CLANG_WARN_SUSPICIOUS_MOVE = YES;
				CLANG_WARN_UNGUARDED_AVAILABILITY = YES_AGGRESSIVE;
				CLANG_WARN_UNREACHABLE_CODE = YES;
				CLANG_WARN__DUPLICATE_METHOD_MATCH = YES;
				COPY_PHASE_STRIP = NO;
				DEBUG_INFORMATION_FORMAT = "dwarf-with-dsym";
				ENABLE_NS_ASSERTIONS = NO;
				ENABLE_STRICT_OBJC_MSGSEND = YES;
				GCC_C_LANGUAGE_STANDARD = gnu11;
				GCC_NO_COMMON_BLOCKS = YES;
				GCC_WARN_64_TO_32_BIT_CONVERSION = YES;
				GCC_WARN_ABOUT_RETURN_TYPE = YES_ERROR;
				GCC_WARN_UNDECLARED_SELECTOR = YES;
				GCC_WARN_UNINITIALIZED_AUTOS = YES_AGGRESSIVE;
				GCC_WARN_UNUSED_FUNCTION = YES;
				GCC_WARN_UNUSED_VARIABLE = YES;
				IPHONEOS_DEPLOYMENT_TARGET = 15.2;
				MTL_ENABLE_DEBUG_INFO = NO;
				MTL_FAST_MATH = YES;
				SDKROOT = iphoneos;
				SWIFT_COMPILATION_MODE = wholemodule;
				SWIFT_OPTIMIZATION_LEVEL = "-O";
				VALIDATE_PRODUCT = YES;
			};
			name = Release;
		};
		413CA71827B0DA1F00461FE3 /* Debug */ = {
			isa = XCBuildConfiguration;
			buildSettings = {
				ASSETCATALOG_COMPILER_APPICON_NAME = AppIcon;
				ASSETCATALOG_COMPILER_GLOBAL_ACCENT_COLOR_NAME = AccentColor;
				CODE_SIGN_STYLE = Automatic;
				CURRENT_PROJECT_VERSION = 1;
				DEVELOPMENT_TEAM = 4J7B9732LY;
				GENERATE_INFOPLIST_FILE = YES;
				INFOPLIST_FILE = "Forecast_Codable/Supporting Files/Info.plist";
				INFOPLIST_KEY_UIApplicationSupportsIndirectInputEvents = YES;
				INFOPLIST_KEY_UILaunchStoryboardName = LaunchScreen;
				INFOPLIST_KEY_UIMainStoryboardFile = Main;
				INFOPLIST_KEY_UISupportedInterfaceOrientations_iPad = "UIInterfaceOrientationPortrait UIInterfaceOrientationPortraitUpsideDown UIInterfaceOrientationLandscapeLeft UIInterfaceOrientationLandscapeRight";
				INFOPLIST_KEY_UISupportedInterfaceOrientations_iPhone = "UIInterfaceOrientationPortrait UIInterfaceOrientationLandscapeLeft UIInterfaceOrientationLandscapeRight";
				LD_RUNPATH_SEARCH_PATHS = (
					"$(inherited)",
					"@executable_path/Frameworks",
				);
				MARKETING_VERSION = 1.0;
				PRODUCT_BUNDLE_IDENTIFIER = "Stateful.Forecast-Codable";
				PRODUCT_NAME = "$(TARGET_NAME)";
				SWIFT_EMIT_LOC_STRINGS = YES;
				SWIFT_VERSION = 5.0;
				TARGETED_DEVICE_FAMILY = "1,2";
			};
			name = Debug;
		};
		413CA71927B0DA1F00461FE3 /* Release */ = {
			isa = XCBuildConfiguration;
			buildSettings = {
				ASSETCATALOG_COMPILER_APPICON_NAME = AppIcon;
				ASSETCATALOG_COMPILER_GLOBAL_ACCENT_COLOR_NAME = AccentColor;
				CODE_SIGN_STYLE = Automatic;
				CURRENT_PROJECT_VERSION = 1;
				DEVELOPMENT_TEAM = 4J7B9732LY;
				GENERATE_INFOPLIST_FILE = YES;
				INFOPLIST_FILE = "Forecast_Codable/Supporting Files/Info.plist";
				INFOPLIST_KEY_UIApplicationSupportsIndirectInputEvents = YES;
				INFOPLIST_KEY_UILaunchStoryboardName = LaunchScreen;
				INFOPLIST_KEY_UIMainStoryboardFile = Main;
				INFOPLIST_KEY_UISupportedInterfaceOrientations_iPad = "UIInterfaceOrientationPortrait UIInterfaceOrientationPortraitUpsideDown UIInterfaceOrientationLandscapeLeft UIInterfaceOrientationLandscapeRight";
				INFOPLIST_KEY_UISupportedInterfaceOrientations_iPhone = "UIInterfaceOrientationPortrait UIInterfaceOrientationLandscapeLeft UIInterfaceOrientationLandscapeRight";
				LD_RUNPATH_SEARCH_PATHS = (
					"$(inherited)",
					"@executable_path/Frameworks",
				);
				MARKETING_VERSION = 1.0;
				PRODUCT_BUNDLE_IDENTIFIER = "Stateful.Forecast-Codable";
				PRODUCT_NAME = "$(TARGET_NAME)";
				SWIFT_EMIT_LOC_STRINGS = YES;
				SWIFT_VERSION = 5.0;
				TARGETED_DEVICE_FAMILY = "1,2";
			};
			name = Release;
		};
/* End XCBuildConfiguration section */

/* Begin XCConfigurationList section */
		413CA6FE27B0DA1C00461FE3 /* Build configuration list for PBXProject "Forecast_Codable" */ = {
			isa = XCConfigurationList;
			buildConfigurations = (
				413CA71527B0DA1F00461FE3 /* Debug */,
				413CA71627B0DA1F00461FE3 /* Release */,
			);
			defaultConfigurationIsVisible = 0;
			defaultConfigurationName = Release;
		};
		413CA71727B0DA1F00461FE3 /* Build configuration list for PBXNativeTarget "Forecast_Codable" */ = {
			isa = XCConfigurationList;
			buildConfigurations = (
				413CA71827B0DA1F00461FE3 /* Debug */,
				413CA71927B0DA1F00461FE3 /* Release */,
			);
			defaultConfigurationIsVisible = 0;
			defaultConfigurationName = Release;
		};
/* End XCConfigurationList section */
	};
	rootObject = 413CA6FB27B0DA1C00461FE3 /* Project object */;
}
